// !$*UTF8*$!
{
	archiveVersion = 1;
	classes = {
	};
	objectVersion = 50;
	objects = {

/* Begin PBXBuildFile section */
		CF2210E524FF8B7400FA36D6 /* AppDelegate.swift in Sources */ = {isa = PBXBuildFile; fileRef = CF2210E424FF8B7400FA36D6 /* AppDelegate.swift */; };
		CF2210E724FF8B7400FA36D6 /* SceneDelegate.swift in Sources */ = {isa = PBXBuildFile; fileRef = CF2210E624FF8B7400FA36D6 /* SceneDelegate.swift */; };
		CF2210EE24FF8B7800FA36D6 /* Assets.xcassets in Resources */ = {isa = PBXBuildFile; fileRef = CF2210ED24FF8B7800FA36D6 /* Assets.xcassets */; };
		CF2210F124FF8B7800FA36D6 /* LaunchScreen.storyboard in Resources */ = {isa = PBXBuildFile; fileRef = CF2210EF24FF8B7800FA36D6 /* LaunchScreen.storyboard */; };
		CF2210FC24FF8B7800FA36D6 /* DBCodingChallengeTests.swift in Sources */ = {isa = PBXBuildFile; fileRef = CF2210FB24FF8B7800FA36D6 /* DBCodingChallengeTests.swift */; };
		CF22110724FF8B7800FA36D6 /* DBCodingChallengeUITests.swift in Sources */ = {isa = PBXBuildFile; fileRef = CF22110624FF8B7800FA36D6 /* DBCodingChallengeUITests.swift */; };
		CF22111724FF8E5F00FA36D6 /* LoginViewController.swift in Sources */ = {isa = PBXBuildFile; fileRef = CF22111624FF8E5F00FA36D6 /* LoginViewController.swift */; };
		CF22111924FF8EA200FA36D6 /* LoginInteractor.swift in Sources */ = {isa = PBXBuildFile; fileRef = CF22111824FF8EA200FA36D6 /* LoginInteractor.swift */; };
		CF22111B24FF8ECC00FA36D6 /* LoginPresenter.swift in Sources */ = {isa = PBXBuildFile; fileRef = CF22111A24FF8ECC00FA36D6 /* LoginPresenter.swift */; };
		CF22111D24FF8EFB00FA36D6 /* LoginWireframe.swift in Sources */ = {isa = PBXBuildFile; fileRef = CF22111C24FF8EFB00FA36D6 /* LoginWireframe.swift */; };
		CF22112224FF9D2B00FA36D6 /* LoginWireframeTests.swift in Sources */ = {isa = PBXBuildFile; fileRef = CF22112124FF9D2B00FA36D6 /* LoginWireframeTests.swift */; };
		CF22112724FFC39100FA36D6 /* UIView+Extensions.swift in Sources */ = {isa = PBXBuildFile; fileRef = CF22112624FFC39100FA36D6 /* UIView+Extensions.swift */; };
		CF38E06924FFE2120046B7C1 /* UserClientProtocol.swift in Sources */ = {isa = PBXBuildFile; fileRef = CF38E06824FFE2120046B7C1 /* UserClientProtocol.swift */; };
		CF38E06E24FFE2630046B7C1 /* Comment.swift in Sources */ = {isa = PBXBuildFile; fileRef = CF38E06B24FFE2630046B7C1 /* Comment.swift */; };
		CF38E06F24FFE2630046B7C1 /* Post.swift in Sources */ = {isa = PBXBuildFile; fileRef = CF38E06C24FFE2630046B7C1 /* Post.swift */; };
		CF38E07024FFE2630046B7C1 /* User.swift in Sources */ = {isa = PBXBuildFile; fileRef = CF38E06D24FFE2630046B7C1 /* User.swift */; };
		CF38E07324FFE32C0046B7C1 /* Users.json in Resources */ = {isa = PBXBuildFile; fileRef = CF38E07224FFE32C0046B7C1 /* Users.json */; };
		CF38E07424FFE32C0046B7C1 /* Users.json in Resources */ = {isa = PBXBuildFile; fileRef = CF38E07224FFE32C0046B7C1 /* Users.json */; };
		CF38E07624FFE3A80046B7C1 /* JPHUserClient.swift in Sources */ = {isa = PBXBuildFile; fileRef = CF38E07524FFE3A80046B7C1 /* JPHUserClient.swift */; };
		CF38E07924FFE5B20046B7C1 /* UserViewModel.swift in Sources */ = {isa = PBXBuildFile; fileRef = CF38E07824FFE5B20046B7C1 /* UserViewModel.swift */; };
		CF38E07C24FFF43E0046B7C1 /* LoginViewControllerTests.swift in Sources */ = {isa = PBXBuildFile; fileRef = CF38E07B24FFF43E0046B7C1 /* LoginViewControllerTests.swift */; };
		CF38E07E250003580046B7C1 /* LoginInteractorTests.swift in Sources */ = {isa = PBXBuildFile; fileRef = CF38E07D250003580046B7C1 /* LoginInteractorTests.swift */; };
		CFD3D3C52500379700836D83 /* PostListWireframe.swift in Sources */ = {isa = PBXBuildFile; fileRef = CFD3D3C42500379700836D83 /* PostListWireframe.swift */; };
		CFD3D3C82500394000836D83 /* PostListViewController.swift in Sources */ = {isa = PBXBuildFile; fileRef = CFD3D3C72500394000836D83 /* PostListViewController.swift */; };
		CFD4005125001A7E00A557C0 /* LoginPresenterTests.swift in Sources */ = {isa = PBXBuildFile; fileRef = CFD4005025001A7E00A557C0 /* LoginPresenterTests.swift */; };
		CFDD22202500E23700FA89A7 /* PostListInteractor.swift in Sources */ = {isa = PBXBuildFile; fileRef = CFDD221F2500E23700FA89A7 /* PostListInteractor.swift */; };
		CFDD22232500E28200FA89A7 /* PostListPresenter.swift in Sources */ = {isa = PBXBuildFile; fileRef = CFDD22222500E28200FA89A7 /* PostListPresenter.swift */; };
		CFDD22262500E34900FA89A7 /* PostListPostViewModel.swift in Sources */ = {isa = PBXBuildFile; fileRef = CFDD22252500E34900FA89A7 /* PostListPostViewModel.swift */; };
		CFDD22282500E51300FA89A7 /* PostClientProtocol.swift in Sources */ = {isa = PBXBuildFile; fileRef = CFDD22272500E51300FA89A7 /* PostClientProtocol.swift */; };
		CFDD222A2500E62F00FA89A7 /* JPHPostClient.swift in Sources */ = {isa = PBXBuildFile; fileRef = CFDD22292500E62F00FA89A7 /* JPHPostClient.swift */; };
		CFDD222C2500E9A300FA89A7 /* WireframeProtocol.swift in Sources */ = {isa = PBXBuildFile; fileRef = CFDD222B2500E9A300FA89A7 /* WireframeProtocol.swift */; };
		CFDD22302500F41200FA89A7 /* PostListWireframeTests.swift in Sources */ = {isa = PBXBuildFile; fileRef = CFDD222F2500F41200FA89A7 /* PostListWireframeTests.swift */; };
		CFDD223325011C5200FA89A7 /* PostListTableViewCell.swift in Sources */ = {isa = PBXBuildFile; fileRef = CFDD223225011C5200FA89A7 /* PostListTableViewCell.swift */; };
		CFDD2235250126BF00FA89A7 /* CurrentUser.swift in Sources */ = {isa = PBXBuildFile; fileRef = CFDD2234250126BF00FA89A7 /* CurrentUser.swift */; };
		CFDD22392501524400FA89A7 /* PostListViewControllerTests.swift in Sources */ = {isa = PBXBuildFile; fileRef = CFDD22382501524400FA89A7 /* PostListViewControllerTests.swift */; };
		CFDD223B2501525500FA89A7 /* PostListInteractorTests.swift in Sources */ = {isa = PBXBuildFile; fileRef = CFDD223A2501525500FA89A7 /* PostListInteractorTests.swift */; };
		CFDD223D2501526700FA89A7 /* PostListPresenterTests.swift in Sources */ = {isa = PBXBuildFile; fileRef = CFDD223C2501526700FA89A7 /* PostListPresenterTests.swift */; };
		CFDD22402501544200FA89A7 /* MockUITableView.swift in Sources */ = {isa = PBXBuildFile; fileRef = CFDD223F2501544200FA89A7 /* MockUITableView.swift */; };
		CFEB17AC25020E51008975A1 /* UIColor+Default.swift in Sources */ = {isa = PBXBuildFile; fileRef = CFEB17AB25020E51008975A1 /* UIColor+Default.swift */; };
/* End PBXBuildFile section */

/* Begin PBXContainerItemProxy section */
		CF2210F824FF8B7800FA36D6 /* PBXContainerItemProxy */ = {
			isa = PBXContainerItemProxy;
			containerPortal = CF2210D924FF8B7400FA36D6 /* Project object */;
			proxyType = 1;
			remoteGlobalIDString = CF2210E024FF8B7400FA36D6;
			remoteInfo = DBCodingChallenge;
		};
		CF22110324FF8B7800FA36D6 /* PBXContainerItemProxy */ = {
			isa = PBXContainerItemProxy;
			containerPortal = CF2210D924FF8B7400FA36D6 /* Project object */;
			proxyType = 1;
			remoteGlobalIDString = CF2210E024FF8B7400FA36D6;
			remoteInfo = DBCodingChallenge;
		};
/* End PBXContainerItemProxy section */

/* Begin PBXFileReference section */
		CF2210E124FF8B7400FA36D6 /* DBCodingChallenge.app */ = {isa = PBXFileReference; explicitFileType = wrapper.application; includeInIndex = 0; path = DBCodingChallenge.app; sourceTree = BUILT_PRODUCTS_DIR; };
		CF2210E424FF8B7400FA36D6 /* AppDelegate.swift */ = {isa = PBXFileReference; lastKnownFileType = sourcecode.swift; path = AppDelegate.swift; sourceTree = "<group>"; };
		CF2210E624FF8B7400FA36D6 /* SceneDelegate.swift */ = {isa = PBXFileReference; lastKnownFileType = sourcecode.swift; path = SceneDelegate.swift; sourceTree = "<group>"; };
		CF2210ED24FF8B7800FA36D6 /* Assets.xcassets */ = {isa = PBXFileReference; lastKnownFileType = folder.assetcatalog; path = Assets.xcassets; sourceTree = "<group>"; };
		CF2210F024FF8B7800FA36D6 /* Base */ = {isa = PBXFileReference; lastKnownFileType = file.storyboard; name = Base; path = Base.lproj/LaunchScreen.storyboard; sourceTree = "<group>"; };
		CF2210F224FF8B7800FA36D6 /* Info.plist */ = {isa = PBXFileReference; lastKnownFileType = text.plist.xml; path = Info.plist; sourceTree = "<group>"; };
		CF2210F724FF8B7800FA36D6 /* DBCodingChallengeTests.xctest */ = {isa = PBXFileReference; explicitFileType = wrapper.cfbundle; includeInIndex = 0; path = DBCodingChallengeTests.xctest; sourceTree = BUILT_PRODUCTS_DIR; };
		CF2210FB24FF8B7800FA36D6 /* DBCodingChallengeTests.swift */ = {isa = PBXFileReference; lastKnownFileType = sourcecode.swift; path = DBCodingChallengeTests.swift; sourceTree = "<group>"; };
		CF2210FD24FF8B7800FA36D6 /* Info.plist */ = {isa = PBXFileReference; lastKnownFileType = text.plist.xml; path = Info.plist; sourceTree = "<group>"; };
		CF22110224FF8B7800FA36D6 /* DBCodingChallengeUITests.xctest */ = {isa = PBXFileReference; explicitFileType = wrapper.cfbundle; includeInIndex = 0; path = DBCodingChallengeUITests.xctest; sourceTree = BUILT_PRODUCTS_DIR; };
		CF22110624FF8B7800FA36D6 /* DBCodingChallengeUITests.swift */ = {isa = PBXFileReference; lastKnownFileType = sourcecode.swift; path = DBCodingChallengeUITests.swift; sourceTree = "<group>"; };
		CF22110824FF8B7800FA36D6 /* Info.plist */ = {isa = PBXFileReference; lastKnownFileType = text.plist.xml; path = Info.plist; sourceTree = "<group>"; };
		CF22111624FF8E5F00FA36D6 /* LoginViewController.swift */ = {isa = PBXFileReference; lastKnownFileType = sourcecode.swift; path = LoginViewController.swift; sourceTree = "<group>"; };
		CF22111824FF8EA200FA36D6 /* LoginInteractor.swift */ = {isa = PBXFileReference; lastKnownFileType = sourcecode.swift; path = LoginInteractor.swift; sourceTree = "<group>"; };
		CF22111A24FF8ECC00FA36D6 /* LoginPresenter.swift */ = {isa = PBXFileReference; lastKnownFileType = sourcecode.swift; path = LoginPresenter.swift; sourceTree = "<group>"; };
		CF22111C24FF8EFB00FA36D6 /* LoginWireframe.swift */ = {isa = PBXFileReference; lastKnownFileType = sourcecode.swift; path = LoginWireframe.swift; sourceTree = "<group>"; };
		CF22112124FF9D2B00FA36D6 /* LoginWireframeTests.swift */ = {isa = PBXFileReference; lastKnownFileType = sourcecode.swift; path = LoginWireframeTests.swift; sourceTree = "<group>"; };
		CF22112624FFC39100FA36D6 /* UIView+Extensions.swift */ = {isa = PBXFileReference; lastKnownFileType = sourcecode.swift; path = "UIView+Extensions.swift"; sourceTree = "<group>"; };
		CF38E06824FFE2120046B7C1 /* UserClientProtocol.swift */ = {isa = PBXFileReference; lastKnownFileType = sourcecode.swift; path = UserClientProtocol.swift; sourceTree = "<group>"; };
		CF38E06B24FFE2630046B7C1 /* Comment.swift */ = {isa = PBXFileReference; fileEncoding = 4; lastKnownFileType = sourcecode.swift; path = Comment.swift; sourceTree = "<group>"; };
		CF38E06C24FFE2630046B7C1 /* Post.swift */ = {isa = PBXFileReference; fileEncoding = 4; lastKnownFileType = sourcecode.swift; path = Post.swift; sourceTree = "<group>"; };
		CF38E06D24FFE2630046B7C1 /* User.swift */ = {isa = PBXFileReference; fileEncoding = 4; lastKnownFileType = sourcecode.swift; path = User.swift; sourceTree = "<group>"; };
		CF38E07224FFE32C0046B7C1 /* Users.json */ = {isa = PBXFileReference; fileEncoding = 4; lastKnownFileType = text.json; path = Users.json; sourceTree = "<group>"; };
		CF38E07524FFE3A80046B7C1 /* JPHUserClient.swift */ = {isa = PBXFileReference; lastKnownFileType = sourcecode.swift; path = JPHUserClient.swift; sourceTree = "<group>"; };
		CF38E07824FFE5B20046B7C1 /* UserViewModel.swift */ = {isa = PBXFileReference; lastKnownFileType = sourcecode.swift; path = UserViewModel.swift; sourceTree = "<group>"; };
		CF38E07B24FFF43E0046B7C1 /* LoginViewControllerTests.swift */ = {isa = PBXFileReference; lastKnownFileType = sourcecode.swift; path = LoginViewControllerTests.swift; sourceTree = "<group>"; };
		CF38E07D250003580046B7C1 /* LoginInteractorTests.swift */ = {isa = PBXFileReference; lastKnownFileType = sourcecode.swift; path = LoginInteractorTests.swift; sourceTree = "<group>"; };
		CFD3D3C42500379700836D83 /* PostListWireframe.swift */ = {isa = PBXFileReference; lastKnownFileType = sourcecode.swift; path = PostListWireframe.swift; sourceTree = "<group>"; };
		CFD3D3C72500394000836D83 /* PostListViewController.swift */ = {isa = PBXFileReference; lastKnownFileType = sourcecode.swift; path = PostListViewController.swift; sourceTree = "<group>"; };
		CFD4005025001A7E00A557C0 /* LoginPresenterTests.swift */ = {isa = PBXFileReference; lastKnownFileType = sourcecode.swift; path = LoginPresenterTests.swift; sourceTree = "<group>"; };
		CFDD221F2500E23700FA89A7 /* PostListInteractor.swift */ = {isa = PBXFileReference; lastKnownFileType = sourcecode.swift; path = PostListInteractor.swift; sourceTree = "<group>"; };
		CFDD22222500E28200FA89A7 /* PostListPresenter.swift */ = {isa = PBXFileReference; lastKnownFileType = sourcecode.swift; path = PostListPresenter.swift; sourceTree = "<group>"; };
		CFDD22252500E34900FA89A7 /* PostListPostViewModel.swift */ = {isa = PBXFileReference; lastKnownFileType = sourcecode.swift; path = PostListPostViewModel.swift; sourceTree = "<group>"; };
		CFDD22272500E51300FA89A7 /* PostClientProtocol.swift */ = {isa = PBXFileReference; lastKnownFileType = sourcecode.swift; path = PostClientProtocol.swift; sourceTree = "<group>"; };
		CFDD22292500E62F00FA89A7 /* JPHPostClient.swift */ = {isa = PBXFileReference; lastKnownFileType = sourcecode.swift; path = JPHPostClient.swift; sourceTree = "<group>"; };
		CFDD222B2500E9A300FA89A7 /* WireframeProtocol.swift */ = {isa = PBXFileReference; lastKnownFileType = sourcecode.swift; path = WireframeProtocol.swift; sourceTree = "<group>"; };
		CFDD222F2500F41200FA89A7 /* PostListWireframeTests.swift */ = {isa = PBXFileReference; lastKnownFileType = sourcecode.swift; path = PostListWireframeTests.swift; sourceTree = "<group>"; };
		CFDD223225011C5200FA89A7 /* PostListTableViewCell.swift */ = {isa = PBXFileReference; lastKnownFileType = sourcecode.swift; path = PostListTableViewCell.swift; sourceTree = "<group>"; };
		CFDD2234250126BF00FA89A7 /* CurrentUser.swift */ = {isa = PBXFileReference; lastKnownFileType = sourcecode.swift; path = CurrentUser.swift; sourceTree = "<group>"; };
		CFDD22382501524400FA89A7 /* PostListViewControllerTests.swift */ = {isa = PBXFileReference; lastKnownFileType = sourcecode.swift; path = PostListViewControllerTests.swift; sourceTree = "<group>"; };
		CFDD223A2501525500FA89A7 /* PostListInteractorTests.swift */ = {isa = PBXFileReference; lastKnownFileType = sourcecode.swift; path = PostListInteractorTests.swift; sourceTree = "<group>"; };
		CFDD223C2501526700FA89A7 /* PostListPresenterTests.swift */ = {isa = PBXFileReference; lastKnownFileType = sourcecode.swift; path = PostListPresenterTests.swift; sourceTree = "<group>"; };
		CFDD223F2501544200FA89A7 /* MockUITableView.swift */ = {isa = PBXFileReference; lastKnownFileType = sourcecode.swift; path = MockUITableView.swift; sourceTree = "<group>"; };
		CFEB17AB25020E51008975A1 /* UIColor+Default.swift */ = {isa = PBXFileReference; lastKnownFileType = sourcecode.swift; path = "UIColor+Default.swift"; sourceTree = "<group>"; };
/* End PBXFileReference section */

/* Begin PBXFrameworksBuildPhase section */
		CF2210DE24FF8B7400FA36D6 /* Frameworks */ = {
			isa = PBXFrameworksBuildPhase;
			buildActionMask = 2147483647;
			files = (
			);
			runOnlyForDeploymentPostprocessing = 0;
		};
		CF2210F424FF8B7800FA36D6 /* Frameworks */ = {
			isa = PBXFrameworksBuildPhase;
			buildActionMask = 2147483647;
			files = (
			);
			runOnlyForDeploymentPostprocessing = 0;
		};
		CF2210FF24FF8B7800FA36D6 /* Frameworks */ = {
			isa = PBXFrameworksBuildPhase;
			buildActionMask = 2147483647;
			files = (
			);
			runOnlyForDeploymentPostprocessing = 0;
		};
/* End PBXFrameworksBuildPhase section */

/* Begin PBXGroup section */
		CF2210D824FF8B7400FA36D6 = {
			isa = PBXGroup;
			children = (
				CF2210E324FF8B7400FA36D6 /* DBCodingChallenge */,
				CF2210FA24FF8B7800FA36D6 /* DBCodingChallengeTests */,
				CF22110524FF8B7800FA36D6 /* DBCodingChallengeUITests */,
				CF2210E224FF8B7400FA36D6 /* Products */,
			);
			sourceTree = "<group>";
		};
		CF2210E224FF8B7400FA36D6 /* Products */ = {
			isa = PBXGroup;
			children = (
				CF2210E124FF8B7400FA36D6 /* DBCodingChallenge.app */,
				CF2210F724FF8B7800FA36D6 /* DBCodingChallengeTests.xctest */,
				CF22110224FF8B7800FA36D6 /* DBCodingChallengeUITests.xctest */,
			);
			name = Products;
			sourceTree = "<group>";
		};
		CF2210E324FF8B7400FA36D6 /* DBCodingChallenge */ = {
			isa = PBXGroup;
			children = (
				CF38E06A24FFE2400046B7C1 /* Entities */,
				CF22112524FFC37A00FA36D6 /* Extensions */,
				CF22111424FF8E0400FA36D6 /* Modules */,
				CF2210E424FF8B7400FA36D6 /* AppDelegate.swift */,
				CF2210E624FF8B7400FA36D6 /* SceneDelegate.swift */,
				CF2210ED24FF8B7800FA36D6 /* Assets.xcassets */,
				CF2210EF24FF8B7800FA36D6 /* LaunchScreen.storyboard */,
				CF2210F224FF8B7800FA36D6 /* Info.plist */,
				CFDD2234250126BF00FA89A7 /* CurrentUser.swift */,
			);
			path = DBCodingChallenge;
			sourceTree = "<group>";
		};
		CF2210FA24FF8B7800FA36D6 /* DBCodingChallengeTests */ = {
			isa = PBXGroup;
			children = (
				CFDD223E2501541900FA89A7 /* Mocks */,
				CF2210FB24FF8B7800FA36D6 /* DBCodingChallengeTests.swift */,
				CF2210FD24FF8B7800FA36D6 /* Info.plist */,
			);
			path = DBCodingChallengeTests;
			sourceTree = "<group>";
		};
		CF22110524FF8B7800FA36D6 /* DBCodingChallengeUITests */ = {
			isa = PBXGroup;
			children = (
				CF22110624FF8B7800FA36D6 /* DBCodingChallengeUITests.swift */,
				CF22110824FF8B7800FA36D6 /* Info.plist */,
			);
			path = DBCodingChallengeUITests;
			sourceTree = "<group>";
		};
		CF22111424FF8E0400FA36D6 /* Modules */ = {
			isa = PBXGroup;
			children = (
				CFD3D3C32500375A00836D83 /* PostList */,
				CF22111524FF8E1300FA36D6 /* Login */,
				CFDD222B2500E9A300FA89A7 /* WireframeProtocol.swift */,
			);
			path = Modules;
			sourceTree = "<group>";
		};
		CF22111524FF8E1300FA36D6 /* Login */ = {
			isa = PBXGroup;
			children = (
				CF22112024FF8F7100FA36D6 /* Source */,
				CF22111F24FF8F5E00FA36D6 /* Tests */,
			);
			path = Login;
			sourceTree = "<group>";
		};
		CF22111E24FF8F5500FA36D6 /* DataClients */ = {
			isa = PBXGroup;
			children = (
				CF38E06824FFE2120046B7C1 /* UserClientProtocol.swift */,
				CF38E07524FFE3A80046B7C1 /* JPHUserClient.swift */,
			);
			path = DataClients;
			sourceTree = "<group>";
		};
		CF22111F24FF8F5E00FA36D6 /* Tests */ = {
			isa = PBXGroup;
			children = (
				CF38E07124FFE3190046B7C1 /* Resources */,
				CF22112124FF9D2B00FA36D6 /* LoginWireframeTests.swift */,
				CF38E07B24FFF43E0046B7C1 /* LoginViewControllerTests.swift */,
				CF38E07D250003580046B7C1 /* LoginInteractorTests.swift */,
				CFD4005025001A7E00A557C0 /* LoginPresenterTests.swift */,
			);
			path = Tests;
			sourceTree = "<group>";
		};
		CF22112024FF8F7100FA36D6 /* Source */ = {
			isa = PBXGroup;
			children = (
				CF22111E24FF8F5500FA36D6 /* DataClients */,
				CF22111C24FF8EFB00FA36D6 /* LoginWireframe.swift */,
				CF22111624FF8E5F00FA36D6 /* LoginViewController.swift */,
				CF22111824FF8EA200FA36D6 /* LoginInteractor.swift */,
				CF22111A24FF8ECC00FA36D6 /* LoginPresenter.swift */,
				CF38E07824FFE5B20046B7C1 /* UserViewModel.swift */,
			);
			path = Source;
			sourceTree = "<group>";
		};
		CF22112524FFC37A00FA36D6 /* Extensions */ = {
			isa = PBXGroup;
			children = (
				CF22112624FFC39100FA36D6 /* UIView+Extensions.swift */,
				CFEB17AB25020E51008975A1 /* UIColor+Default.swift */,
			);
			path = Extensions;
			sourceTree = "<group>";
		};
		CF38E06A24FFE2400046B7C1 /* Entities */ = {
			isa = PBXGroup;
			children = (
				CF38E06B24FFE2630046B7C1 /* Comment.swift */,
				CF38E06C24FFE2630046B7C1 /* Post.swift */,
				CF38E06D24FFE2630046B7C1 /* User.swift */,
			);
			path = Entities;
			sourceTree = "<group>";
		};
		CF38E07124FFE3190046B7C1 /* Resources */ = {
			isa = PBXGroup;
			children = (
				CF38E07224FFE32C0046B7C1 /* Users.json */,
			);
			path = Resources;
			sourceTree = "<group>";
		};
		CFD3D3C32500375A00836D83 /* PostList */ = {
			isa = PBXGroup;
			children = (
				CFD3D3C62500392600836D83 /* Source */,
				CFDD22242500E29D00FA89A7 /* Tests */,
			);
			path = PostList;
			sourceTree = "<group>";
		};
		CFD3D3C62500392600836D83 /* Source */ = {
			isa = PBXGroup;
			children = (
				CFDD22212500E25500FA89A7 /* DataClients */,
				CFDD223125011C3200FA89A7 /* UI */,
				CFD3D3C42500379700836D83 /* PostListWireframe.swift */,
				CFD3D3C72500394000836D83 /* PostListViewController.swift */,
				CFDD221F2500E23700FA89A7 /* PostListInteractor.swift */,
				CFDD22222500E28200FA89A7 /* PostListPresenter.swift */,
				CFDD22252500E34900FA89A7 /* PostListPostViewModel.swift */,
			);
			path = Source;
			sourceTree = "<group>";
		};
		CFDD22212500E25500FA89A7 /* DataClients */ = {
			isa = PBXGroup;
			children = (
				CFDD22272500E51300FA89A7 /* PostClientProtocol.swift */,
				CFDD22292500E62F00FA89A7 /* JPHPostClient.swift */,
			);
			path = DataClients;
			sourceTree = "<group>";
		};
		CFDD22242500E29D00FA89A7 /* Tests */ = {
			isa = PBXGroup;
			children = (
				CFDD222F2500F41200FA89A7 /* PostListWireframeTests.swift */,
				CFDD22382501524400FA89A7 /* PostListViewControllerTests.swift */,
				CFDD223A2501525500FA89A7 /* PostListInteractorTests.swift */,
				CFDD223C2501526700FA89A7 /* PostListPresenterTests.swift */,
			);
			path = Tests;
			sourceTree = "<group>";
		};
		CFDD223125011C3200FA89A7 /* UI */ = {
			isa = PBXGroup;
			children = (
				CFDD223225011C5200FA89A7 /* PostListTableViewCell.swift */,
			);
			path = UI;
			sourceTree = "<group>";
		};
		CFDD223E2501541900FA89A7 /* Mocks */ = {
			isa = PBXGroup;
			children = (
				CFDD223F2501544200FA89A7 /* MockUITableView.swift */,
			);
			path = Mocks;
			sourceTree = "<group>";
		};
/* End PBXGroup section */

/* Begin PBXNativeTarget section */
		CF2210E024FF8B7400FA36D6 /* DBCodingChallenge */ = {
			isa = PBXNativeTarget;
			buildConfigurationList = CF22110B24FF8B7800FA36D6 /* Build configuration list for PBXNativeTarget "DBCodingChallenge" */;
			buildPhases = (
				CF2210DD24FF8B7400FA36D6 /* Sources */,
				CF2210DE24FF8B7400FA36D6 /* Frameworks */,
				CF2210DF24FF8B7400FA36D6 /* Resources */,
			);
			buildRules = (
			);
			dependencies = (
			);
			name = DBCodingChallenge;
			productName = DBCodingChallenge;
			productReference = CF2210E124FF8B7400FA36D6 /* DBCodingChallenge.app */;
			productType = "com.apple.product-type.application";
		};
		CF2210F624FF8B7800FA36D6 /* DBCodingChallengeTests */ = {
			isa = PBXNativeTarget;
			buildConfigurationList = CF22110E24FF8B7800FA36D6 /* Build configuration list for PBXNativeTarget "DBCodingChallengeTests" */;
			buildPhases = (
				CF2210F324FF8B7800FA36D6 /* Sources */,
				CF2210F424FF8B7800FA36D6 /* Frameworks */,
				CF2210F524FF8B7800FA36D6 /* Resources */,
			);
			buildRules = (
			);
			dependencies = (
				CF2210F924FF8B7800FA36D6 /* PBXTargetDependency */,
			);
			name = DBCodingChallengeTests;
			productName = DBCodingChallengeTests;
			productReference = CF2210F724FF8B7800FA36D6 /* DBCodingChallengeTests.xctest */;
			productType = "com.apple.product-type.bundle.unit-test";
		};
		CF22110124FF8B7800FA36D6 /* DBCodingChallengeUITests */ = {
			isa = PBXNativeTarget;
			buildConfigurationList = CF22111124FF8B7800FA36D6 /* Build configuration list for PBXNativeTarget "DBCodingChallengeUITests" */;
			buildPhases = (
				CF2210FE24FF8B7800FA36D6 /* Sources */,
				CF2210FF24FF8B7800FA36D6 /* Frameworks */,
				CF22110024FF8B7800FA36D6 /* Resources */,
			);
			buildRules = (
			);
			dependencies = (
				CF22110424FF8B7800FA36D6 /* PBXTargetDependency */,
			);
			name = DBCodingChallengeUITests;
			productName = DBCodingChallengeUITests;
			productReference = CF22110224FF8B7800FA36D6 /* DBCodingChallengeUITests.xctest */;
			productType = "com.apple.product-type.bundle.ui-testing";
		};
/* End PBXNativeTarget section */

/* Begin PBXProject section */
		CF2210D924FF8B7400FA36D6 /* Project object */ = {
			isa = PBXProject;
			attributes = {
				LastSwiftUpdateCheck = 1160;
				LastUpgradeCheck = 1160;
				ORGANIZATIONNAME = "Storch, Stephan";
				TargetAttributes = {
					CF2210E024FF8B7400FA36D6 = {
						CreatedOnToolsVersion = 11.6;
					};
					CF2210F624FF8B7800FA36D6 = {
						CreatedOnToolsVersion = 11.6;
						TestTargetID = CF2210E024FF8B7400FA36D6;
					};
					CF22110124FF8B7800FA36D6 = {
						CreatedOnToolsVersion = 11.6;
						TestTargetID = CF2210E024FF8B7400FA36D6;
					};
				};
			};
			buildConfigurationList = CF2210DC24FF8B7400FA36D6 /* Build configuration list for PBXProject "DBCodingChallenge" */;
			compatibilityVersion = "Xcode 9.3";
			developmentRegion = en;
			hasScannedForEncodings = 0;
			knownRegions = (
				en,
				Base,
			);
			mainGroup = CF2210D824FF8B7400FA36D6;
			productRefGroup = CF2210E224FF8B7400FA36D6 /* Products */;
			projectDirPath = "";
			projectRoot = "";
			targets = (
				CF2210E024FF8B7400FA36D6 /* DBCodingChallenge */,
				CF2210F624FF8B7800FA36D6 /* DBCodingChallengeTests */,
				CF22110124FF8B7800FA36D6 /* DBCodingChallengeUITests */,
			);
		};
/* End PBXProject section */

/* Begin PBXResourcesBuildPhase section */
		CF2210DF24FF8B7400FA36D6 /* Resources */ = {
			isa = PBXResourcesBuildPhase;
			buildActionMask = 2147483647;
			files = (
				CF38E07324FFE32C0046B7C1 /* Users.json in Resources */,
				CF2210F124FF8B7800FA36D6 /* LaunchScreen.storyboard in Resources */,
				CF2210EE24FF8B7800FA36D6 /* Assets.xcassets in Resources */,
			);
			runOnlyForDeploymentPostprocessing = 0;
		};
		CF2210F524FF8B7800FA36D6 /* Resources */ = {
			isa = PBXResourcesBuildPhase;
			buildActionMask = 2147483647;
			files = (
				CF38E07424FFE32C0046B7C1 /* Users.json in Resources */,
			);
			runOnlyForDeploymentPostprocessing = 0;
		};
		CF22110024FF8B7800FA36D6 /* Resources */ = {
			isa = PBXResourcesBuildPhase;
			buildActionMask = 2147483647;
			files = (
			);
			runOnlyForDeploymentPostprocessing = 0;
		};
/* End PBXResourcesBuildPhase section */

/* Begin PBXSourcesBuildPhase section */
		CF2210DD24FF8B7400FA36D6 /* Sources */ = {
			isa = PBXSourcesBuildPhase;
			buildActionMask = 2147483647;
			files = (
				CFDD22202500E23700FA89A7 /* PostListInteractor.swift in Sources */,
				CFEB17AC25020E51008975A1 /* UIColor+Default.swift in Sources */,
				CF22112724FFC39100FA36D6 /* UIView+Extensions.swift in Sources */,
				CFDD2235250126BF00FA89A7 /* CurrentUser.swift in Sources */,
				CFD3D3C82500394000836D83 /* PostListViewController.swift in Sources */,
				CFDD222C2500E9A300FA89A7 /* WireframeProtocol.swift in Sources */,
				CFDD22282500E51300FA89A7 /* PostClientProtocol.swift in Sources */,
				CF22111924FF8EA200FA36D6 /* LoginInteractor.swift in Sources */,
				CF22111724FF8E5F00FA36D6 /* LoginViewController.swift in Sources */,
				CFDD22232500E28200FA89A7 /* PostListPresenter.swift in Sources */,
				CFDD22262500E34900FA89A7 /* PostListPostViewModel.swift in Sources */,
				CFDD223325011C5200FA89A7 /* PostListTableViewCell.swift in Sources */,
				CF38E06924FFE2120046B7C1 /* UserClientProtocol.swift in Sources */,
				CF22111D24FF8EFB00FA36D6 /* LoginWireframe.swift in Sources */,
				CF2210E524FF8B7400FA36D6 /* AppDelegate.swift in Sources */,
				CF38E07624FFE3A80046B7C1 /* JPHUserClient.swift in Sources */,
				CF2210E724FF8B7400FA36D6 /* SceneDelegate.swift in Sources */,
				CFDD222A2500E62F00FA89A7 /* JPHPostClient.swift in Sources */,
				CF38E06E24FFE2630046B7C1 /* Comment.swift in Sources */,
				CF38E07924FFE5B20046B7C1 /* UserViewModel.swift in Sources */,
				CFD3D3C52500379700836D83 /* PostListWireframe.swift in Sources */,
				CF22111B24FF8ECC00FA36D6 /* LoginPresenter.swift in Sources */,
				CF38E06F24FFE2630046B7C1 /* Post.swift in Sources */,
				CF38E07024FFE2630046B7C1 /* User.swift in Sources */,
			);
			runOnlyForDeploymentPostprocessing = 0;
		};
		CF2210F324FF8B7800FA36D6 /* Sources */ = {
			isa = PBXSourcesBuildPhase;
			buildActionMask = 2147483647;
			files = (
				CFDD223B2501525500FA89A7 /* PostListInteractorTests.swift in Sources */,
				CF38E07C24FFF43E0046B7C1 /* LoginViewControllerTests.swift in Sources */,
				CF22112224FF9D2B00FA36D6 /* LoginWireframeTests.swift in Sources */,
				CF38E07E250003580046B7C1 /* LoginInteractorTests.swift in Sources */,
				CFD4005125001A7E00A557C0 /* LoginPresenterTests.swift in Sources */,
				CFDD223D2501526700FA89A7 /* PostListPresenterTests.swift in Sources */,
				CFDD22392501524400FA89A7 /* PostListViewControllerTests.swift in Sources */,
				CFDD22402501544200FA89A7 /* MockUITableView.swift in Sources */,
				CFDD22302500F41200FA89A7 /* PostListWireframeTests.swift in Sources */,
				CF2210FC24FF8B7800FA36D6 /* DBCodingChallengeTests.swift in Sources */,
			);
			runOnlyForDeploymentPostprocessing = 0;
		};
		CF2210FE24FF8B7800FA36D6 /* Sources */ = {
			isa = PBXSourcesBuildPhase;
			buildActionMask = 2147483647;
			files = (
				CF22110724FF8B7800FA36D6 /* DBCodingChallengeUITests.swift in Sources */,
			);
			runOnlyForDeploymentPostprocessing = 0;
		};
/* End PBXSourcesBuildPhase section */

/* Begin PBXTargetDependency section */
		CF2210F924FF8B7800FA36D6 /* PBXTargetDependency */ = {
			isa = PBXTargetDependency;
			target = CF2210E024FF8B7400FA36D6 /* DBCodingChallenge */;
			targetProxy = CF2210F824FF8B7800FA36D6 /* PBXContainerItemProxy */;
		};
		CF22110424FF8B7800FA36D6 /* PBXTargetDependency */ = {
			isa = PBXTargetDependency;
			target = CF2210E024FF8B7400FA36D6 /* DBCodingChallenge */;
			targetProxy = CF22110324FF8B7800FA36D6 /* PBXContainerItemProxy */;
		};
/* End PBXTargetDependency section */

/* Begin PBXVariantGroup section */
		CF2210EF24FF8B7800FA36D6 /* LaunchScreen.storyboard */ = {
			isa = PBXVariantGroup;
			children = (
				CF2210F024FF8B7800FA36D6 /* Base */,
			);
			name = LaunchScreen.storyboard;
			sourceTree = "<group>";
		};
/* End PBXVariantGroup section */

/* Begin XCBuildConfiguration section */
		CF22110924FF8B7800FA36D6 /* Debug */ = {
			isa = XCBuildConfiguration;
			buildSettings = {
				ALWAYS_SEARCH_USER_PATHS = NO;
				CLANG_ANALYZER_NONNULL = YES;
				CLANG_ANALYZER_NUMBER_OBJECT_CONVERSION = YES_AGGRESSIVE;
				CLANG_CXX_LANGUAGE_STANDARD = "gnu++14";
				CLANG_CXX_LIBRARY = "libc++";
				CLANG_ENABLE_MODULES = YES;
				CLANG_ENABLE_OBJC_ARC = YES;
				CLANG_ENABLE_OBJC_WEAK = YES;
				CLANG_WARN_BLOCK_CAPTURE_AUTORELEASING = YES;
				CLANG_WARN_BOOL_CONVERSION = YES;
				CLANG_WARN_COMMA = YES;
				CLANG_WARN_CONSTANT_CONVERSION = YES;
				CLANG_WARN_DEPRECATED_OBJC_IMPLEMENTATIONS = YES;
				CLANG_WARN_DIRECT_OBJC_ISA_USAGE = YES_ERROR;
				CLANG_WARN_DOCUMENTATION_COMMENTS = YES;
				CLANG_WARN_EMPTY_BODY = YES;
				CLANG_WARN_ENUM_CONVERSION = YES;
				CLANG_WARN_INFINITE_RECURSION = YES;
				CLANG_WARN_INT_CONVERSION = YES;
				CLANG_WARN_NON_LITERAL_NULL_CONVERSION = YES;
				CLANG_WARN_OBJC_IMPLICIT_RETAIN_SELF = YES;
				CLANG_WARN_OBJC_LITERAL_CONVERSION = YES;
				CLANG_WARN_OBJC_ROOT_CLASS = YES_ERROR;
				CLANG_WARN_RANGE_LOOP_ANALYSIS = YES;
				CLANG_WARN_STRICT_PROTOTYPES = YES;
				CLANG_WARN_SUSPICIOUS_MOVE = YES;
				CLANG_WARN_UNGUARDED_AVAILABILITY = YES_AGGRESSIVE;
				CLANG_WARN_UNREACHABLE_CODE = YES;
				CLANG_WARN__DUPLICATE_METHOD_MATCH = YES;
				COPY_PHASE_STRIP = NO;
				DEBUG_INFORMATION_FORMAT = dwarf;
				ENABLE_STRICT_OBJC_MSGSEND = YES;
				ENABLE_TESTABILITY = YES;
				GCC_C_LANGUAGE_STANDARD = gnu11;
				GCC_DYNAMIC_NO_PIC = NO;
				GCC_NO_COMMON_BLOCKS = YES;
				GCC_OPTIMIZATION_LEVEL = 0;
				GCC_PREPROCESSOR_DEFINITIONS = (
					"DEBUG=1",
					"$(inherited)",
				);
				GCC_WARN_64_TO_32_BIT_CONVERSION = YES;
				GCC_WARN_ABOUT_RETURN_TYPE = YES_ERROR;
				GCC_WARN_UNDECLARED_SELECTOR = YES;
				GCC_WARN_UNINITIALIZED_AUTOS = YES_AGGRESSIVE;
				GCC_WARN_UNUSED_FUNCTION = YES;
				GCC_WARN_UNUSED_VARIABLE = YES;
				IPHONEOS_DEPLOYMENT_TARGET = 13.6;
				MTL_ENABLE_DEBUG_INFO = INCLUDE_SOURCE;
				MTL_FAST_MATH = YES;
				ONLY_ACTIVE_ARCH = YES;
				SDKROOT = iphoneos;
				SWIFT_ACTIVE_COMPILATION_CONDITIONS = DEBUG;
				SWIFT_OPTIMIZATION_LEVEL = "-Onone";
			};
			name = Debug;
		};
		CF22110A24FF8B7800FA36D6 /* Release */ = {
			isa = XCBuildConfiguration;
			buildSettings = {
				ALWAYS_SEARCH_USER_PATHS = NO;
				CLANG_ANALYZER_NONNULL = YES;
				CLANG_ANALYZER_NUMBER_OBJECT_CONVERSION = YES_AGGRESSIVE;
				CLANG_CXX_LANGUAGE_STANDARD = "gnu++14";
				CLANG_CXX_LIBRARY = "libc++";
				CLANG_ENABLE_MODULES = YES;
				CLANG_ENABLE_OBJC_ARC = YES;
				CLANG_ENABLE_OBJC_WEAK = YES;
				CLANG_WARN_BLOCK_CAPTURE_AUTORELEASING = YES;
				CLANG_WARN_BOOL_CONVERSION = YES;
				CLANG_WARN_COMMA = YES;
				CLANG_WARN_CONSTANT_CONVERSION = YES;
				CLANG_WARN_DEPRECATED_OBJC_IMPLEMENTATIONS = YES;
				CLANG_WARN_DIRECT_OBJC_ISA_USAGE = YES_ERROR;
				CLANG_WARN_DOCUMENTATION_COMMENTS = YES;
				CLANG_WARN_EMPTY_BODY = YES;
				CLANG_WARN_ENUM_CONVERSION = YES;
				CLANG_WARN_INFINITE_RECURSION = YES;
				CLANG_WARN_INT_CONVERSION = YES;
				CLANG_WARN_NON_LITERAL_NULL_CONVERSION = YES;
				CLANG_WARN_OBJC_IMPLICIT_RETAIN_SELF = YES;
				CLANG_WARN_OBJC_LITERAL_CONVERSION = YES;
				CLANG_WARN_OBJC_ROOT_CLASS = YES_ERROR;
				CLANG_WARN_RANGE_LOOP_ANALYSIS = YES;
				CLANG_WARN_STRICT_PROTOTYPES = YES;
				CLANG_WARN_SUSPICIOUS_MOVE = YES;
				CLANG_WARN_UNGUARDED_AVAILABILITY = YES_AGGRESSIVE;
				CLANG_WARN_UNREACHABLE_CODE = YES;
				CLANG_WARN__DUPLICATE_METHOD_MATCH = YES;
				COPY_PHASE_STRIP = NO;
				DEBUG_INFORMATION_FORMAT = "dwarf-with-dsym";
				ENABLE_NS_ASSERTIONS = NO;
				ENABLE_STRICT_OBJC_MSGSEND = YES;
				GCC_C_LANGUAGE_STANDARD = gnu11;
				GCC_NO_COMMON_BLOCKS = YES;
				GCC_WARN_64_TO_32_BIT_CONVERSION = YES;
				GCC_WARN_ABOUT_RETURN_TYPE = YES_ERROR;
				GCC_WARN_UNDECLARED_SELECTOR = YES;
				GCC_WARN_UNINITIALIZED_AUTOS = YES_AGGRESSIVE;
				GCC_WARN_UNUSED_FUNCTION = YES;
				GCC_WARN_UNUSED_VARIABLE = YES;
				IPHONEOS_DEPLOYMENT_TARGET = 13.6;
				MTL_ENABLE_DEBUG_INFO = NO;
				MTL_FAST_MATH = YES;
				SDKROOT = iphoneos;
				SWIFT_COMPILATION_MODE = wholemodule;
				SWIFT_OPTIMIZATION_LEVEL = "-O";
				VALIDATE_PRODUCT = YES;
			};
			name = Release;
		};
		CF22110C24FF8B7800FA36D6 /* Debug */ = {
			isa = XCBuildConfiguration;
			buildSettings = {
				ASSETCATALOG_COMPILER_APPICON_NAME = AppIcon;
				CODE_SIGN_STYLE = Automatic;
				DEVELOPMENT_TEAM = 6UD69FXQDL;
				INFOPLIST_FILE = DBCodingChallenge/Info.plist;
				LD_RUNPATH_SEARCH_PATHS = (
					"$(inherited)",
					"@executable_path/Frameworks",
				);
				PRODUCT_BUNDLE_IDENTIFIER = com.senacor.storch.DBCodingChallenge;
				PRODUCT_NAME = "$(TARGET_NAME)";
				SWIFT_VERSION = 5.0;
				TARGETED_DEVICE_FAMILY = "1,2";
			};
			name = Debug;
		};
		CF22110D24FF8B7800FA36D6 /* Release */ = {
			isa = XCBuildConfiguration;
			buildSettings = {
				ASSETCATALOG_COMPILER_APPICON_NAME = AppIcon;
				CODE_SIGN_STYLE = Automatic;
				DEVELOPMENT_TEAM = 6UD69FXQDL;
				INFOPLIST_FILE = DBCodingChallenge/Info.plist;
				LD_RUNPATH_SEARCH_PATHS = (
					"$(inherited)",
					"@executable_path/Frameworks",
				);
				PRODUCT_BUNDLE_IDENTIFIER = com.senacor.storch.DBCodingChallenge;
				PRODUCT_NAME = "$(TARGET_NAME)";
				SWIFT_VERSION = 5.0;
				TARGETED_DEVICE_FAMILY = "1,2";
			};
			name = Release;
		};
		CF22110F24FF8B7800FA36D6 /* Debug */ = {
			isa = XCBuildConfiguration;
			buildSettings = {
				ALWAYS_EMBED_SWIFT_STANDARD_LIBRARIES = YES;
				BUNDLE_LOADER = "$(TEST_HOST)";
				CODE_SIGN_STYLE = Automatic;
				INFOPLIST_FILE = DBCodingChallengeTests/Info.plist;
				IPHONEOS_DEPLOYMENT_TARGET = 13.6;
				LD_RUNPATH_SEARCH_PATHS = (
					"$(inherited)",
					"@executable_path/Frameworks",
					"@loader_path/Frameworks",
				);
				PRODUCT_BUNDLE_IDENTIFIER = com.senacor.storch.DBCodingChallengeTests;
				PRODUCT_NAME = "$(TARGET_NAME)";
				SWIFT_VERSION = 5.0;
				TARGETED_DEVICE_FAMILY = "1,2";
				TEST_HOST = "$(BUILT_PRODUCTS_DIR)/DBCodingChallenge.app/DBCodingChallenge";
			};
			name = Debug;
		};
		CF22111024FF8B7800FA36D6 /* Release */ = {
			isa = XCBuildConfiguration;
			buildSettings = {
				ALWAYS_EMBED_SWIFT_STANDARD_LIBRARIES = YES;
				BUNDLE_LOADER = "$(TEST_HOST)";
				CODE_SIGN_STYLE = Automatic;
				INFOPLIST_FILE = DBCodingChallengeTests/Info.plist;
				IPHONEOS_DEPLOYMENT_TARGET = 13.6;
				LD_RUNPATH_SEARCH_PATHS = (
					"$(inherited)",
					"@executable_path/Frameworks",
					"@loader_path/Frameworks",
				);
				PRODUCT_BUNDLE_IDENTIFIER = com.senacor.storch.DBCodingChallengeTests;
				PRODUCT_NAME = "$(TARGET_NAME)";
				SWIFT_VERSION = 5.0;
				TARGETED_DEVICE_FAMILY = "1,2";
				TEST_HOST = "$(BUILT_PRODUCTS_DIR)/DBCodingChallenge.app/DBCodingChallenge";
			};
			name = Release;
		};
		CF22111224FF8B7800FA36D6 /* Debug */ = {
			isa = XCBuildConfiguration;
			buildSettings = {
				ALWAYS_EMBED_SWIFT_STANDARD_LIBRARIES = YES;
				CODE_SIGN_STYLE = Automatic;
				INFOPLIST_FILE = DBCodingChallengeUITests/Info.plist;
				LD_RUNPATH_SEARCH_PATHS = (
					"$(inherited)",
					"@executable_path/Frameworks",
					"@loader_path/Frameworks",
				);
				PRODUCT_BUNDLE_IDENTIFIER = com.senacor.storch.DBCodingChallengeUITests;
				PRODUCT_NAME = "$(TARGET_NAME)";
				SWIFT_VERSION = 5.0;
				TARGETED_DEVICE_FAMILY = "1,2";
				TEST_TARGET_NAME = DBCodingChallenge;
			};
			name = Debug;
		};
		CF22111324FF8B7800FA36D6 /* Release */ = {
			isa = XCBuildConfiguration;
			buildSettings = {
				ALWAYS_EMBED_SWIFT_STANDARD_LIBRARIES = YES;
				CODE_SIGN_STYLE = Automatic;
				INFOPLIST_FILE = DBCodingChallengeUITests/Info.plist;
				LD_RUNPATH_SEARCH_PATHS = (
					"$(inherited)",
					"@executable_path/Frameworks",
					"@loader_path/Frameworks",
				);
				PRODUCT_BUNDLE_IDENTIFIER = com.senacor.storch.DBCodingChallengeUITests;
				PRODUCT_NAME = "$(TARGET_NAME)";
				SWIFT_VERSION = 5.0;
				TARGETED_DEVICE_FAMILY = "1,2";
				TEST_TARGET_NAME = DBCodingChallenge;
			};
			name = Release;
		};
/* End XCBuildConfiguration section */

/* Begin XCConfigurationList section */
		CF2210DC24FF8B7400FA36D6 /* Build configuration list for PBXProject "DBCodingChallenge" */ = {
			isa = XCConfigurationList;
			buildConfigurations = (
				CF22110924FF8B7800FA36D6 /* Debug */,
				CF22110A24FF8B7800FA36D6 /* Release */,
			);
			defaultConfigurationIsVisible = 0;
			defaultConfigurationName = Release;
		};
		CF22110B24FF8B7800FA36D6 /* Build configuration list for PBXNativeTarget "DBCodingChallenge" */ = {
			isa = XCConfigurationList;
			buildConfigurations = (
				CF22110C24FF8B7800FA36D6 /* Debug */,
				CF22110D24FF8B7800FA36D6 /* Release */,
			);
			defaultConfigurationIsVisible = 0;
			defaultConfigurationName = Release;
		};
		CF22110E24FF8B7800FA36D6 /* Build configuration list for PBXNativeTarget "DBCodingChallengeTests" */ = {
			isa = XCConfigurationList;
			buildConfigurations = (
				CF22110F24FF8B7800FA36D6 /* Debug */,
				CF22111024FF8B7800FA36D6 /* Release */,
			);
			defaultConfigurationIsVisible = 0;
			defaultConfigurationName = Release;
		};
		CF22111124FF8B7800FA36D6 /* Build configuration list for PBXNativeTarget "DBCodingChallengeUITests" */ = {
			isa = XCConfigurationList;
			buildConfigurations = (
				CF22111224FF8B7800FA36D6 /* Debug */,
				CF22111324FF8B7800FA36D6 /* Release */,
			);
			defaultConfigurationIsVisible = 0;
			defaultConfigurationName = Release;
		};
/* End XCConfigurationList section */
	};
	rootObject = CF2210D924FF8B7400FA36D6 /* Project object */;
}
